
Microsoft Visual Studio Solution File, Format Version 12.00
# Visual Studio Version 17
VisualStudioVersion = 17.11.35303.130
MinimumVisualStudioVersion = 10.0.40219.1
Project("{FAE04EC0-301F-11D3-BF4B-00C04F79EFBC}") = "Norton Commander", "Norton Commander\Norton Commander.csproj", "{69F5A76B-0273-4D51-A4E2-42DDD5796177}"
EndProject
Global
	GlobalSection(SolutionConfigurationPlatforms) = preSolution
		Debug|Any CPU = Debug|Any CPU
		Release|Any CPU = Release|Any CPU
	EndGlobalSection
	GlobalSection(ProjectConfigurationPlatforms) = postSolution
		{69F5A76B-0273-4D51-A4E2-42DDD5796177}.Debug|Any CPU.ActiveCfg = Debug|Any CPU
		{69F5A76B-0273-4D51-A4E2-42DDD5796177}.Debug|Any CPU.Build.0 = Debug|Any CPU
		{69F5A76B-0273-4D51-A4E2-42DDD5796177}.Release|Any CPU.ActiveCfg = Release|Any CPU
		{69F5A76B-0273-4D51-A4E2-42DDD5796177}.Release|Any CPU.Build.0 = Release|Any CPU
	EndGlobalSection
	GlobalSection(SolutionProperties) = preSolution
		HideSolutionNode = FALSE
	EndGlobalSection
	GlobalSection(ExtensibilityGlobals) = postSolution
		SolutionGuid = {6ABA59F0-6449-4941-8C42-416F0C3921D0}
	EndGlobalSection
EndGlobal
